
Microsoft Visual Studio Solution File, Format Version 12.00
# Visual Studio 2017
Project("{FAE04EC0-301F-11D3-BF4B-00C04F79EFBC}") = "AleloEstudo", "AleloEstudo.csproj", "{ADC887E6-A059-3335-8AA1-80EE49E3FB17}"
EndProject
Project("{FAE04EC0-301F-11D3-BF4B-00C04F79EFBC}") = "AleloEstudo.Editor", "AleloEstudo.Editor.csproj", "{99EE8D29-025B-6AE4-0AE2-4DB0B52B2BBB}"
EndProject
Global
	GlobalSection(SolutionConfigurationPlatforms) = preSolution
		Debug|Any CPU = Debug|Any CPU
		Release|Any CPU = Release|Any CPU
	EndGlobalSection
	GlobalSection(ProjectConfigurationPlatforms) = postSolution
		{ADC887E6-A059-3335-8AA1-80EE49E3FB17}.Debug|Any CPU.ActiveCfg = Debug|Any CPU
		{ADC887E6-A059-3335-8AA1-80EE49E3FB17}.Debug|Any CPU.Build.0 = Debug|Any CPU
		{ADC887E6-A059-3335-8AA1-80EE49E3FB17}.Release|Any CPU.ActiveCfg = Release|Any CPU
		{ADC887E6-A059-3335-8AA1-80EE49E3FB17}.Release|Any CPU.Build.0 = Release|Any CPU
		{99EE8D29-025B-6AE4-0AE2-4DB0B52B2BBB}.Debug|Any CPU.ActiveCfg = Debug|Any CPU
		{99EE8D29-025B-6AE4-0AE2-4DB0B52B2BBB}.Debug|Any CPU.Build.0 = Debug|Any CPU
		{99EE8D29-025B-6AE4-0AE2-4DB0B52B2BBB}.Release|Any CPU.ActiveCfg = Release|Any CPU
		{99EE8D29-025B-6AE4-0AE2-4DB0B52B2BBB}.Release|Any CPU.Build.0 = Release|Any CPU
	EndGlobalSection
	GlobalSection(SolutionProperties) = preSolution
		HideSolutionNode = FALSE
	EndGlobalSection
EndGlobal
